// !$*UTF8*$!
{
	archiveVersion = 1;
	classes = {
	};
	objectVersion = 50;
	objects = {

/* Begin PBXBuildFile section */
		431EF590254010A600007DC0 /* SendMessageButton.swift in Sources */ = {isa = PBXBuildFile; fileRef = 431EF58F254010A600007DC0 /* SendMessageButton.swift */; };
		431EF5932540177300007DC0 /* StudentsList.swift in Sources */ = {isa = PBXBuildFile; fileRef = 431EF5922540177300007DC0 /* StudentsList.swift */; };
		431EF596254018DE00007DC0 /* DummyData.swift in Sources */ = {isa = PBXBuildFile; fileRef = 431EF595254018DE00007DC0 /* DummyData.swift */; };
		431EF59925401BBA00007DC0 /* StudentsListCell.swift in Sources */ = {isa = PBXBuildFile; fileRef = 431EF59825401BBA00007DC0 /* StudentsListCell.swift */; };
		431EF59D25402DBB00007DC0 /* StudentDetailList.swift in Sources */ = {isa = PBXBuildFile; fileRef = 431EF59C25402DBB00007DC0 /* StudentDetailList.swift */; };
		43571EF8253EDC7E007C636C /* AppDelegate.swift in Sources */ = {isa = PBXBuildFile; fileRef = 43571EF7253EDC7E007C636C /* AppDelegate.swift */; };
		43571EFA253EDC7E007C636C /* SceneDelegate.swift in Sources */ = {isa = PBXBuildFile; fileRef = 43571EF9253EDC7E007C636C /* SceneDelegate.swift */; };
		43571EFC253EDC7E007C636C /* ContentView.swift in Sources */ = {isa = PBXBuildFile; fileRef = 43571EFB253EDC7E007C636C /* ContentView.swift */; };
		43571EFE253EDC81007C636C /* Assets.xcassets in Resources */ = {isa = PBXBuildFile; fileRef = 43571EFD253EDC81007C636C /* Assets.xcassets */; };
		43571F01253EDC81007C636C /* Preview Assets.xcassets in Resources */ = {isa = PBXBuildFile; fileRef = 43571F00253EDC81007C636C /* Preview Assets.xcassets */; };
		43571F04253EDC81007C636C /* LaunchScreen.storyboard in Resources */ = {isa = PBXBuildFile; fileRef = 43571F02253EDC81007C636C /* LaunchScreen.storyboard */; };
		43571F0D253EE8A4007C636C /* Utility.swift in Sources */ = {isa = PBXBuildFile; fileRef = 43571F0C253EE8A4007C636C /* Utility.swift */; };
/* End PBXBuildFile section */

/* Begin PBXFileReference section */
		431EF58F254010A600007DC0 /* SendMessageButton.swift */ = {isa = PBXFileReference; lastKnownFileType = sourcecode.swift; path = SendMessageButton.swift; sourceTree = "<group>"; };
		431EF5922540177300007DC0 /* StudentsList.swift */ = {isa = PBXFileReference; lastKnownFileType = sourcecode.swift; path = StudentsList.swift; sourceTree = "<group>"; };
		431EF595254018DE00007DC0 /* DummyData.swift */ = {isa = PBXFileReference; lastKnownFileType = sourcecode.swift; path = DummyData.swift; sourceTree = "<group>"; };
		431EF59825401BBA00007DC0 /* StudentsListCell.swift */ = {isa = PBXFileReference; lastKnownFileType = sourcecode.swift; path = StudentsListCell.swift; sourceTree = "<group>"; };
		431EF59C25402DBB00007DC0 /* StudentDetailList.swift */ = {isa = PBXFileReference; lastKnownFileType = sourcecode.swift; path = StudentDetailList.swift; sourceTree = "<group>"; };
		43571EF4253EDC7E007C636C /* RealCheck.app */ = {isa = PBXFileReference; explicitFileType = wrapper.application; includeInIndex = 0; path = RealCheck.app; sourceTree = BUILT_PRODUCTS_DIR; };
		43571EF7253EDC7E007C636C /* AppDelegate.swift */ = {isa = PBXFileReference; lastKnownFileType = sourcecode.swift; path = AppDelegate.swift; sourceTree = "<group>"; };
		43571EF9253EDC7E007C636C /* SceneDelegate.swift */ = {isa = PBXFileReference; lastKnownFileType = sourcecode.swift; path = SceneDelegate.swift; sourceTree = "<group>"; };
		43571EFB253EDC7E007C636C /* ContentView.swift */ = {isa = PBXFileReference; lastKnownFileType = sourcecode.swift; path = ContentView.swift; sourceTree = "<group>"; };
		43571EFD253EDC81007C636C /* Assets.xcassets */ = {isa = PBXFileReference; lastKnownFileType = folder.assetcatalog; path = Assets.xcassets; sourceTree = "<group>"; };
		43571F00253EDC81007C636C /* Preview Assets.xcassets */ = {isa = PBXFileReference; lastKnownFileType = folder.assetcatalog; path = "Preview Assets.xcassets"; sourceTree = "<group>"; };
		43571F03253EDC81007C636C /* Base */ = {isa = PBXFileReference; lastKnownFileType = file.storyboard; name = Base; path = Base.lproj/LaunchScreen.storyboard; sourceTree = "<group>"; };
		43571F05253EDC81007C636C /* Info.plist */ = {isa = PBXFileReference; lastKnownFileType = text.plist.xml; path = Info.plist; sourceTree = "<group>"; };
		43571F0C253EE8A4007C636C /* Utility.swift */ = {isa = PBXFileReference; lastKnownFileType = sourcecode.swift; path = Utility.swift; sourceTree = "<group>"; };
/* End PBXFileReference section */

/* Begin PBXFrameworksBuildPhase section */
		43571EF1253EDC7E007C636C /* Frameworks */ = {
			isa = PBXFrameworksBuildPhase;
			buildActionMask = 2147483647;
			files = (
			);
			runOnlyForDeploymentPostprocessing = 0;
		};
/* End PBXFrameworksBuildPhase section */

/* Begin PBXGroup section */
		43571EEB253EDC7E007C636C = {
			isa = PBXGroup;
			children = (
				43571EF6253EDC7E007C636C /* RealCheck */,
				43571EF5253EDC7E007C636C /* Products */,
			);
			sourceTree = "<group>";
		};
		43571EF5253EDC7E007C636C /* Products */ = {
			isa = PBXGroup;
			children = (
				43571EF4253EDC7E007C636C /* RealCheck.app */,
			);
			name = Products;
			sourceTree = "<group>";
		};
		43571EF6253EDC7E007C636C /* RealCheck */ = {
			isa = PBXGroup;
			children = (
				43571EF7253EDC7E007C636C /* AppDelegate.swift */,
				43571EF9253EDC7E007C636C /* SceneDelegate.swift */,
				43571EFB253EDC7E007C636C /* ContentView.swift */,
				43571EFD253EDC81007C636C /* Assets.xcassets */,
				43571F02253EDC81007C636C /* LaunchScreen.storyboard */,
				43571F05253EDC81007C636C /* Info.plist */,
				43571EFF253EDC81007C636C /* Preview Content */,
				431EF595254018DE00007DC0 /* DummyData.swift */,
				43571F0C253EE8A4007C636C /* Utility.swift */,
				431EF58F254010A600007DC0 /* SendMessageButton.swift */,
				431EF5922540177300007DC0 /* StudentsList.swift */,
				431EF59825401BBA00007DC0 /* StudentsListCell.swift */,
				431EF59C25402DBB00007DC0 /* StudentDetailList.swift */,
			);
			path = RealCheck;
			sourceTree = "<group>";
		};
		43571EFF253EDC81007C636C /* Preview Content */ = {
			isa = PBXGroup;
			children = (
				43571F00253EDC81007C636C /* Preview Assets.xcassets */,
			);
			path = "Preview Content";
			sourceTree = "<group>";
		};
/* End PBXGroup section */

/* Begin PBXNativeTarget section */
		43571EF3253EDC7E007C636C /* RealCheck */ = {
			isa = PBXNativeTarget;
			buildConfigurationList = 43571F08253EDC81007C636C /* Build configuration list for PBXNativeTarget "RealCheck" */;
			buildPhases = (
				43571EF0253EDC7E007C636C /* Sources */,
				43571EF1253EDC7E007C636C /* Frameworks */,
				43571EF2253EDC7E007C636C /* Resources */,
			);
			buildRules = (
			);
			dependencies = (
			);
			name = RealCheck;
			productName = RealCheck;
			productReference = 43571EF4253EDC7E007C636C /* RealCheck.app */;
			productType = "com.apple.product-type.application";
		};
/* End PBXNativeTarget section */

/* Begin PBXProject section */
		43571EEC253EDC7E007C636C /* Project object */ = {
			isa = PBXProject;
			attributes = {
				LastSwiftUpdateCheck = 1200;
				LastUpgradeCheck = 1200;
				TargetAttributes = {
					43571EF3253EDC7E007C636C = {
						CreatedOnToolsVersion = 12.0.1;
					};
				};
			};
			buildConfigurationList = 43571EEF253EDC7E007C636C /* Build configuration list for PBXProject "RealCheck" */;
			compatibilityVersion = "Xcode 9.3";
			developmentRegion = en;
			hasScannedForEncodings = 0;
			knownRegions = (
				en,
				Base,
			);
			mainGroup = 43571EEB253EDC7E007C636C;
			productRefGroup = 43571EF5253EDC7E007C636C /* Products */;
			projectDirPath = "";
			projectRoot = "";
			targets = (
				43571EF3253EDC7E007C636C /* RealCheck */,
			);
		};
/* End PBXProject section */

/* Begin PBXResourcesBuildPhase section */
		43571EF2253EDC7E007C636C /* Resources */ = {
			isa = PBXResourcesBuildPhase;
			buildActionMask = 2147483647;
			files = (
				43571F04253EDC81007C636C /* LaunchScreen.storyboard in Resources */,
				43571F01253EDC81007C636C /* Preview Assets.xcassets in Resources */,
				43571EFE253EDC81007C636C /* Assets.xcassets in Resources */,
			);
			runOnlyForDeploymentPostprocessing = 0;
		};
/* End PBXResourcesBuildPhase section */

/* Begin PBXSourcesBuildPhase section */
		43571EF0253EDC7E007C636C /* Sources */ = {
			isa = PBXSourcesBuildPhase;
			buildActionMask = 2147483647;
			files = (
				43571F0D253EE8A4007C636C /* Utility.swift in Sources */,
				431EF59D25402DBB00007DC0 /* StudentDetailList.swift in Sources */,
				431EF5932540177300007DC0 /* StudentsList.swift in Sources */,
				43571EF8253EDC7E007C636C /* AppDelegate.swift in Sources */,
				431EF596254018DE00007DC0 /* DummyData.swift in Sources */,
				43571EFA253EDC7E007C636C /* SceneDelegate.swift in Sources */,
				43571EFC253EDC7E007C636C /* ContentView.swift in Sources */,
				431EF590254010A600007DC0 /* SendMessageButton.swift in Sources */,
				431EF59925401BBA00007DC0 /* StudentsListCell.swift in Sources */,
			);
			runOnlyForDeploymentPostprocessing = 0;
		};
/* End PBXSourcesBuildPhase section */

/* Begin PBXVariantGroup section */
		43571F02253EDC81007C636C /* LaunchScreen.storyboard */ = {
			isa = PBXVariantGroup;
			children = (
				43571F03253EDC81007C636C /* Base */,
			);
			name = LaunchScreen.storyboard;
			sourceTree = "<group>";
		};
/* End PBXVariantGroup section */

/* Begin XCBuildConfiguration section */
		43571F06253EDC81007C636C /* Debug */ = {
			isa = XCBuildConfiguration;
			buildSettings = {
				ALWAYS_SEARCH_USER_PATHS = NO;
				CLANG_ANALYZER_NONNULL = YES;
				CLANG_ANALYZER_NUMBER_OBJECT_CONVERSION = YES_AGGRESSIVE;
				CLANG_CXX_LANGUAGE_STANDARD = "gnu++14";
				CLANG_CXX_LIBRARY = "libc++";
				CLANG_ENABLE_MODULES = YES;
				CLANG_ENABLE_OBJC_ARC = YES;
				CLANG_ENABLE_OBJC_WEAK = YES;
				CLANG_WARN_BLOCK_CAPTURE_AUTORELEASING = YES;
				CLANG_WARN_BOOL_CONVERSION = YES;
				CLANG_WARN_COMMA = YES;
				CLANG_WARN_CONSTANT_CONVERSION = YES;
				CLANG_WARN_DEPRECATED_OBJC_IMPLEMENTATIONS = YES;
				CLANG_WARN_DIRECT_OBJC_ISA_USAGE = YES_ERROR;
				CLANG_WARN_DOCUMENTATION_COMMENTS = YES;
				CLANG_WARN_EMPTY_BODY = YES;
				CLANG_WARN_ENUM_CONVERSION = YES;
				CLANG_WARN_INFINITE_RECURSION = YES;
				CLANG_WARN_INT_CONVERSION = YES;
				CLANG_WARN_NON_LITERAL_NULL_CONVERSION = YES;
				CLANG_WARN_OBJC_IMPLICIT_RETAIN_SELF = YES;
				CLANG_WARN_OBJC_LITERAL_CONVERSION = YES;
				CLANG_WARN_OBJC_ROOT_CLASS = YES_ERROR;
				CLANG_WARN_QUOTED_INCLUDE_IN_FRAMEWORK_HEADER = YES;
				CLANG_WARN_RANGE_LOOP_ANALYSIS = YES;
				CLANG_WARN_STRICT_PROTOTYPES = YES;
				CLANG_WARN_SUSPICIOUS_MOVE = YES;
				CLANG_WARN_UNGUARDED_AVAILABILITY = YES_AGGRESSIVE;
				CLANG_WARN_UNREACHABLE_CODE = YES;
				CLANG_WARN__DUPLICATE_METHOD_MATCH = YES;
				COPY_PHASE_STRIP = NO;
				DEBUG_INFORMATION_FORMAT = dwarf;
				ENABLE_STRICT_OBJC_MSGSEND = YES;
				ENABLE_TESTABILITY = YES;
				GCC_C_LANGUAGE_STANDARD = gnu11;
				GCC_DYNAMIC_NO_PIC = NO;
				GCC_NO_COMMON_BLOCKS = YES;
				GCC_OPTIMIZATION_LEVEL = 0;
				GCC_PREPROCESSOR_DEFINITIONS = (
					"DEBUG=1",
					"$(inherited)",
				);
				GCC_WARN_64_TO_32_BIT_CONVERSION = YES;
				GCC_WARN_ABOUT_RETURN_TYPE = YES_ERROR;
				GCC_WARN_UNDECLARED_SELECTOR = YES;
				GCC_WARN_UNINITIALIZED_AUTOS = YES_AGGRESSIVE;
				GCC_WARN_UNUSED_FUNCTION = YES;
				GCC_WARN_UNUSED_VARIABLE = YES;
				IPHONEOS_DEPLOYMENT_TARGET = 14.0;
				MTL_ENABLE_DEBUG_INFO = INCLUDE_SOURCE;
				MTL_FAST_MATH = YES;
				ONLY_ACTIVE_ARCH = YES;
				SDKROOT = iphoneos;
				SWIFT_ACTIVE_COMPILATION_CONDITIONS = DEBUG;
				SWIFT_OPTIMIZATION_LEVEL = "-Onone";
			};
			name = Debug;
		};
		43571F07253EDC81007C636C /* Release */ = {
			isa = XCBuildConfiguration;
			buildSettings = {
				ALWAYS_SEARCH_USER_PATHS = NO;
				CLANG_ANALYZER_NONNULL = YES;
				CLANG_ANALYZER_NUMBER_OBJECT_CONVERSION = YES_AGGRESSIVE;
				CLANG_CXX_LANGUAGE_STANDARD = "gnu++14";
				CLANG_CXX_LIBRARY = "libc++";
				CLANG_ENABLE_MODULES = YES;
				CLANG_ENABLE_OBJC_ARC = YES;
				CLANG_ENABLE_OBJC_WEAK = YES;
				CLANG_WARN_BLOCK_CAPTURE_AUTORELEASING = YES;
				CLANG_WARN_BOOL_CONVERSION = YES;
				CLANG_WARN_COMMA = YES;
				CLANG_WARN_CONSTANT_CONVERSION = YES;
				CLANG_WARN_DEPRECATED_OBJC_IMPLEMENTATIONS = YES;
				CLANG_WARN_DIRECT_OBJC_ISA_USAGE = YES_ERROR;
				CLANG_WARN_DOCUMENTATION_COMMENTS = YES;
				CLANG_WARN_EMPTY_BODY = YES;
				CLANG_WARN_ENUM_CONVERSION = YES;
				CLANG_WARN_INFINITE_RECURSION = YES;
				CLANG_WARN_INT_CONVERSION = YES;
				CLANG_WARN_NON_LITERAL_NULL_CONVERSION = YES;
				CLANG_WARN_OBJC_IMPLICIT_RETAIN_SELF = YES;
				CLANG_WARN_OBJC_LITERAL_CONVERSION = YES;
				CLANG_WARN_OBJC_ROOT_CLASS = YES_ERROR;
				CLANG_WARN_QUOTED_INCLUDE_IN_FRAMEWORK_HEADER = YES;
				CLANG_WARN_RANGE_LOOP_ANALYSIS = YES;
				CLANG_WARN_STRICT_PROTOTYPES = YES;
				CLANG_WARN_SUSPICIOUS_MOVE = YES;
				CLANG_WARN_UNGUARDED_AVAILABILITY = YES_AGGRESSIVE;
				CLANG_WARN_UNREACHABLE_CODE = YES;
				CLANG_WARN__DUPLICATE_METHOD_MATCH = YES;
				COPY_PHASE_STRIP = NO;
				DEBUG_INFORMATION_FORMAT = "dwarf-with-dsym";
				ENABLE_NS_ASSERTIONS = NO;
				ENABLE_STRICT_OBJC_MSGSEND = YES;
				GCC_C_LANGUAGE_STANDARD = gnu11;
				GCC_NO_COMMON_BLOCKS = YES;
				GCC_WARN_64_TO_32_BIT_CONVERSION = YES;
				GCC_WARN_ABOUT_RETURN_TYPE = YES_ERROR;
				GCC_WARN_UNDECLARED_SELECTOR = YES;
				GCC_WARN_UNINITIALIZED_AUTOS = YES_AGGRESSIVE;
				GCC_WARN_UNUSED_FUNCTION = YES;
				GCC_WARN_UNUSED_VARIABLE = YES;
				IPHONEOS_DEPLOYMENT_TARGET = 14.0;
				MTL_ENABLE_DEBUG_INFO = NO;
				MTL_FAST_MATH = YES;
				SDKROOT = iphoneos;
				SWIFT_COMPILATION_MODE = wholemodule;
				SWIFT_OPTIMIZATION_LEVEL = "-O";
				VALIDATE_PRODUCT = YES;
			};
			name = Release;
		};
		43571F09253EDC81007C636C /* Debug */ = {
			isa = XCBuildConfiguration;
			buildSettings = {
				ASSETCATALOG_COMPILER_APPICON_NAME = AppIcon;
				ASSETCATALOG_COMPILER_GLOBAL_ACCENT_COLOR_NAME = AccentColor;
				CODE_SIGN_STYLE = Automatic;
				DEVELOPMENT_ASSET_PATHS = "\"RealCheck/Preview Content\"";
				DEVELOPMENT_TEAM = 4QG3GC35LA;
				ENABLE_PREVIEWS = YES;
				INFOPLIST_FILE = RealCheck/Info.plist;
				LD_RUNPATH_SEARCH_PATHS = (
					"$(inherited)",
					"@executable_path/Frameworks",
				);
				PRODUCT_BUNDLE_IDENTIFIER = com.codershigh.RealCheck;
				PRODUCT_NAME = "$(TARGET_NAME)";
				SWIFT_VERSION = 5.0;
				TARGETED_DEVICE_FAMILY = "1,2";
			};
			name = Debug;
		};
		43571F0A253EDC81007C636C /* Release */ = {
			isa = XCBuildConfiguration;
			buildSettings = {
				ASSETCATALOG_COMPILER_APPICON_NAME = AppIcon;
				ASSETCATALOG_COMPILER_GLOBAL_ACCENT_COLOR_NAME = AccentColor;
				CODE_SIGN_STYLE = Automatic;
				DEVELOPMENT_ASSET_PATHS = "\"RealCheck/Preview Content\"";
				DEVELOPMENT_TEAM = 4QG3GC35LA;
				ENABLE_PREVIEWS = YES;
				INFOPLIST_FILE = RealCheck/Info.plist;
				LD_RUNPATH_SEARCH_PATHS = (
					"$(inherited)",
					"@executable_path/Frameworks",
				);
				PRODUCT_BUNDLE_IDENTIFIER = com.codershigh.RealCheck;
				PRODUCT_NAME = "$(TARGET_NAME)";
				SWIFT_VERSION = 5.0;
				TARGETED_DEVICE_FAMILY = "1,2";
			};
			name = Release;
		};
/* End XCBuildConfiguration section */

/* Begin XCConfigurationList section */
		43571EEF253EDC7E007C636C /* Build configuration list for PBXProject "RealCheck" */ = {
			isa = XCConfigurationList;
			buildConfigurations = (
				43571F06253EDC81007C636C /* Debug */,
				43571F07253EDC81007C636C /* Release */,
			);
			defaultConfigurationIsVisible = 0;
			defaultConfigurationName = Release;
		};
		43571F08253EDC81007C636C /* Build configuration list for PBXNativeTarget "RealCheck" */ = {
			isa = XCConfigurationList;
			buildConfigurations = (
				43571F09253EDC81007C636C /* Debug */,
				43571F0A253EDC81007C636C /* Release */,
			);
			defaultConfigurationIsVisible = 0;
			defaultConfigurationName = Release;
		};
/* End XCConfigurationList section */
	};
	rootObject = 43571EEC253EDC7E007C636C /* Project object */;
}
